// !$*UTF8*$!
{
	archiveVersion = 1;
	classes = {
	};
	objectVersion = 46;
	objects = {

/* Begin PBXBuildFile section */
		743997011C54C06900408543 /* main.m in Sources */ = {isa = PBXBuildFile; fileRef = 743997001C54C06900408543 /* main.m */; };
		743997041C54C06900408543 /* AppDelegate.m in Sources */ = {isa = PBXBuildFile; fileRef = 743997031C54C06900408543 /* AppDelegate.m */; };
		743997071C54C06900408543 /* StartViewController.m in Sources */ = {isa = PBXBuildFile; fileRef = 743997061C54C06900408543 /* StartViewController.m */; };
		7439970A1C54C06900408543 /* Main.storyboard in Resources */ = {isa = PBXBuildFile; fileRef = 743997081C54C06900408543 /* Main.storyboard */; };
		7439970C1C54C06900408543 /* Assets.xcassets in Resources */ = {isa = PBXBuildFile; fileRef = 7439970B1C54C06900408543 /* Assets.xcassets */; };
		7439970F1C54C06900408543 /* LaunchScreen.storyboard in Resources */ = {isa = PBXBuildFile; fileRef = 7439970D1C54C06900408543 /* LaunchScreen.storyboard */; };
		743997181C54C5D400408543 /* LoginViewController.m in Sources */ = {isa = PBXBuildFile; fileRef = 743997171C54C5D400408543 /* LoginViewController.m */; };
/* End PBXBuildFile section */

/* Begin PBXFileReference section */
		743996FC1C54C06900408543 /* Login.app */ = {isa = PBXFileReference; explicitFileType = wrapper.application; includeInIndex = 0; path = Login.app; sourceTree = BUILT_PRODUCTS_DIR; };
		743997001C54C06900408543 /* main.m */ = {isa = PBXFileReference; lastKnownFileType = sourcecode.c.objc; path = main.m; sourceTree = "<group>"; };
		743997021C54C06900408543 /* AppDelegate.h */ = {isa = PBXFileReference; lastKnownFileType = sourcecode.c.h; path = AppDelegate.h; sourceTree = "<group>"; };
		743997031C54C06900408543 /* AppDelegate.m */ = {isa = PBXFileReference; lastKnownFileType = sourcecode.c.objc; path = AppDelegate.m; sourceTree = "<group>"; };
		743997051C54C06900408543 /* StartViewController.h */ = {isa = PBXFileReference; lastKnownFileType = sourcecode.c.h; path = StartViewController.h; sourceTree = "<group>"; };
		743997061C54C06900408543 /* StartViewController.m */ = {isa = PBXFileReference; lastKnownFileType = sourcecode.c.objc; path = StartViewController.m; sourceTree = "<group>"; };
		743997091C54C06900408543 /* Base */ = {isa = PBXFileReference; lastKnownFileType = file.storyboard; name = Base; path = Base.lproj/Main.storyboard; sourceTree = "<group>"; };
		7439970B1C54C06900408543 /* Assets.xcassets */ = {isa = PBXFileReference; lastKnownFileType = folder.assetcatalog; path = Assets.xcassets; sourceTree = "<group>"; };
		7439970E1C54C06900408543 /* Base */ = {isa = PBXFileReference; lastKnownFileType = file.storyboard; name = Base; path = Base.lproj/LaunchScreen.storyboard; sourceTree = "<group>"; };
		743997101C54C06900408543 /* Info.plist */ = {isa = PBXFileReference; lastKnownFileType = text.plist.xml; path = Info.plist; sourceTree = "<group>"; };
		743997161C54C5D400408543 /* LoginViewController.h */ = {isa = PBXFileReference; fileEncoding = 4; lastKnownFileType = sourcecode.c.h; path = LoginViewController.h; sourceTree = "<group>"; };
		743997171C54C5D400408543 /* LoginViewController.m */ = {isa = PBXFileReference; fileEncoding = 4; lastKnownFileType = sourcecode.c.objc; path = LoginViewController.m; sourceTree = "<group>"; };
/* End PBXFileReference section */

/* Begin PBXFrameworksBuildPhase section */
		743996F91C54C06900408543 /* Frameworks */ = {
			isa = PBXFrameworksBuildPhase;
			buildActionMask = 2147483647;
			files = (
			);
			runOnlyForDeploymentPostprocessing = 0;
		};
/* End PBXFrameworksBuildPhase section */

/* Begin PBXGroup section */
		743996F31C54C06900408543 = {
			isa = PBXGroup;
			children = (
				743996FE1C54C06900408543 /* Login */,
				743996FD1C54C06900408543 /* Products */,
			);
			sourceTree = "<group>";
		};
		743996FD1C54C06900408543 /* Products */ = {
			isa = PBXGroup;
			children = (
				743996FC1C54C06900408543 /* Login.app */,
			);
			name = Products;
			sourceTree = "<group>";
		};
		743996FE1C54C06900408543 /* Login */ = {
			isa = PBXGroup;
			children = (
				743997021C54C06900408543 /* AppDelegate.h */,
				743997031C54C06900408543 /* AppDelegate.m */,
				743997051C54C06900408543 /* StartViewController.h */,
				743997061C54C06900408543 /* StartViewController.m */,
				743997161C54C5D400408543 /* LoginViewController.h */,
				743997171C54C5D400408543 /* LoginViewController.m */,
				743997081C54C06900408543 /* Main.storyboard */,
				7439970B1C54C06900408543 /* Assets.xcassets */,
				7439970D1C54C06900408543 /* LaunchScreen.storyboard */,
				743997101C54C06900408543 /* Info.plist */,
				743996FF1C54C06900408543 /* Supporting Files */,
			);
			path = Login;
			sourceTree = "<group>";
		};
		743996FF1C54C06900408543 /* Supporting Files */ = {
			isa = PBXGroup;
			children = (
				743997001C54C06900408543 /* main.m */,
			);
			name = "Supporting Files";
			sourceTree = "<group>";
		};
/* End PBXGroup section */

/* Begin PBXNativeTarget section */
		743996FB1C54C06900408543 /* Login */ = {
			isa = PBXNativeTarget;
			buildConfigurationList = 743997131C54C06900408543 /* Build configuration list for PBXNativeTarget "Login" */;
			buildPhases = (
				743996F81C54C06900408543 /* Sources */,
				743996F91C54C06900408543 /* Frameworks */,
				743996FA1C54C06900408543 /* Resources */,
			);
			buildRules = (
			);
			dependencies = (
			);
			name = Login;
			productName = Login;
			productReference = 743996FC1C54C06900408543 /* Login.app */;
			productType = "com.apple.product-type.application";
		};
/* End PBXNativeTarget section */

/* Begin PBXProject section */
		743996F41C54C06900408543 /* Project object */ = {
			isa = PBXProject;
			attributes = {
				LastUpgradeCheck = 0720;
				ORGANIZATIONNAME = "Ajay Thaur";
				TargetAttributes = {
					743996FB1C54C06900408543 = {
						CreatedOnToolsVersion = 7.2;
					};
				};
			};
			buildConfigurationList = 743996F71C54C06900408543 /* Build configuration list for PBXProject "Login" */;
			compatibilityVersion = "Xcode 3.2";
			developmentRegion = English;
			hasScannedForEncodings = 0;
			knownRegions = (
				en,
				Base,
			);
			mainGroup = 743996F31C54C06900408543;
			productRefGroup = 743996FD1C54C06900408543 /* Products */;
			projectDirPath = "";
			projectRoot = "";
			targets = (
				743996FB1C54C06900408543 /* Login */,
			);
		};
/* End PBXProject section */

/* Begin PBXResourcesBuildPhase section */
		743996FA1C54C06900408543 /* Resources */ = {
			isa = PBXResourcesBuildPhase;
			buildActionMask = 2147483647;
			files = (
				7439970F1C54C06900408543 /* LaunchScreen.storyboard in Resources */,
				7439970C1C54C06900408543 /* Assets.xcassets in Resources */,
				7439970A1C54C06900408543 /* Main.storyboard in Resources */,
			);
			runOnlyForDeploymentPostprocessing = 0;
		};
/* End PBXResourcesBuildPhase section */

/* Begin PBXSourcesBuildPhase section */
		743996F81C54C06900408543 /* Sources */ = {
			isa = PBXSourcesBuildPhase;
			buildActionMask = 2147483647;
			files = (
				743997181C54C5D400408543 /* LoginViewController.m in Sources */,
				743997071C54C06900408543 /* StartViewController.m in Sources */,
				743997041C54C06900408543 /* AppDelegate.m in Sources */,
				743997011C54C06900408543 /* main.m in Sources */,
			);
			runOnlyForDeploymentPostprocessing = 0;
		};
/* End PBXSourcesBuildPhase section */

/* Begin PBXVariantGroup section */
		743997081C54C06900408543 /* Main.storyboard */ = {
			isa = PBXVariantGroup;
			children = (
				743997091C54C06900408543 /* Base */,
			);
			name = Main.storyboard;
			sourceTree = "<group>";
		};
		7439970D1C54C06900408543 /* LaunchScreen.storyboard */ = {
			isa = PBXVariantGroup;
			children = (
				7439970E1C54C06900408543 /* Base */,
			);
			name = LaunchScreen.storyboard;
			sourceTree = "<group>";
		};
/* End PBXVariantGroup section */

/* Begin XCBuildConfiguration section */
		743997111C54C06900408543 /* Debug */ = {
			isa = XCBuildConfiguration;
			buildSettings = {
				ALWAYS_SEARCH_USER_PATHS = NO;
				CLANG_CXX_LANGUAGE_STANDARD = "gnu++0x";
				CLANG_CXX_LIBRARY = "libc++";
				CLANG_ENABLE_MODULES = YES;
				CLANG_ENABLE_OBJC_ARC = YES;
				CLANG_WARN_BOOL_CONVERSION = YES;
				CLANG_WARN_CONSTANT_CONVERSION = YES;
				CLANG_WARN_DIRECT_OBJC_ISA_USAGE = YES_ERROR;
				CLANG_WARN_EMPTY_BODY = YES;
				CLANG_WARN_ENUM_CONVERSION = YES;
				CLANG_WARN_INT_CONVERSION = YES;
				CLANG_WARN_OBJC_ROOT_CLASS = YES_ERROR;
				CLANG_WARN_UNREACHABLE_CODE = YES;
				CLANG_WARN__DUPLICATE_METHOD_MATCH = YES;
				"CODE_SIGN_IDENTITY[sdk=iphoneos*]" = "iPhone Developer";
				COPY_PHASE_STRIP = NO;
				DEBUG_INFORMATION_FORMAT = dwarf;
				ENABLE_STRICT_OBJC_MSGSEND = YES;
				ENABLE_TESTABILITY = YES;
				GCC_C_LANGUAGE_STANDARD = gnu99;
				GCC_DYNAMIC_NO_PIC = NO;
				GCC_NO_COMMON_BLOCKS = YES;
				GCC_OPTIMIZATION_LEVEL = 0;
				GCC_PREPROCESSOR_DEFINITIONS = (
					"DEBUG=1",
					"$(inherited)",
				);
				GCC_WARN_64_TO_32_BIT_CONVERSION = YES;
				GCC_WARN_ABOUT_RETURN_TYPE = YES_ERROR;
				GCC_WARN_UNDECLARED_SELECTOR = YES;
				GCC_WARN_UNINITIALIZED_AUTOS = YES_AGGRESSIVE;
				GCC_WARN_UNUSED_FUNCTION = YES;
				GCC_WARN_UNUSED_VARIABLE = YES;
				IPHONEOS_DEPLOYMENT_TARGET = 9.2;
				MTL_ENABLE_DEBUG_INFO = YES;
				ONLY_ACTIVE_ARCH = YES;
				SDKROOT = iphoneos;
			};
			name = Debug;
		};
		743997121C54C06900408543 /* Release */ = {
			isa = XCBuildConfiguration;
			buildSettings = {
				ALWAYS_SEARCH_USER_PATHS = NO;
				CLANG_CXX_LANGUAGE_STANDARD = "gnu++0x";
				CLANG_CXX_LIBRARY = "libc++";
				CLANG_ENABLE_MODULES = YES;
				CLANG_ENABLE_OBJC_ARC = YES;
				CLANG_WARN_BOOL_CONVERSION = YES;
				CLANG_WARN_CONSTANT_CONVERSION = YES;
				CLANG_WARN_DIRECT_OBJC_ISA_USAGE = YES_ERROR;
				CLANG_WARN_EMPTY_BODY = YES;
				CLANG_WARN_ENUM_CONVERSION = YES;
				CLANG_WARN_INT_CONVERSION = YES;
				CLANG_WARN_OBJC_ROOT_CLASS = YES_ERROR;
				CLANG_WARN_UNREACHABLE_CODE = YES;
				CLANG_WARN__DUPLICATE_METHOD_MATCH = YES;
				"CODE_SIGN_IDENTITY[sdk=iphoneos*]" = "iPhone Developer";
				COPY_PHASE_STRIP = NO;
				DEBUG_INFORMATION_FORMAT = "dwarf-with-dsym";
				ENABLE_NS_ASSERTIONS = NO;
				ENABLE_STRICT_OBJC_MSGSEND = YES;
				GCC_C_LANGUAGE_STANDARD = gnu99;
				GCC_NO_COMMON_BLOCKS = YES;
				GCC_WARN_64_TO_32_BIT_CONVERSION = YES;
				GCC_WARN_ABOUT_RETURN_TYPE = YES_ERROR;
				GCC_WARN_UNDECLARED_SELECTOR = YES;
				GCC_WARN_UNINITIALIZED_AUTOS = YES_AGGRESSIVE;
				GCC_WARN_UNUSED_FUNCTION = YES;
				GCC_WARN_UNUSED_VARIABLE = YES;
				IPHONEOS_DEPLOYMENT_TARGET = 9.2;
				MTL_ENABLE_DEBUG_INFO = NO;
				SDKROOT = iphoneos;
				VALIDATE_PRODUCT = YES;
			};
			name = Release;
		};
		743997141C54C06900408543 /* Debug */ = {
			isa = XCBuildConfiguration;
			buildSettings = {
				ASSETCATALOG_COMPILER_APPICON_NAME = AppIcon;
				INFOPLIST_FILE = Login/Info.plist;
				LD_RUNPATH_SEARCH_PATHS = "$(inherited) @executable_path/Frameworks";
				PRODUCT_BUNDLE_IDENTIFIER = com.psv.apps.ios.Login;
				PRODUCT_NAME = "$(TARGET_NAME)";
			};
			name = Debug;
		};
		743997151C54C06900408543 /* Release */ = {
			isa = XCBuildConfiguration;
			buildSettings = {
				ASSETCATALOG_COMPILER_APPICON_NAME = AppIcon;
				INFOPLIST_FILE = Login/Info.plist;
				LD_RUNPATH_SEARCH_PATHS = "$(inherited) @executable_path/Frameworks";
				PRODUCT_BUNDLE_IDENTIFIER = com.psv.apps.ios.Login;
				PRODUCT_NAME = "$(TARGET_NAME)";
			};
			name = Release;
		};
/* End XCBuildConfiguration section */

/* Begin XCConfigurationList section */
		743996F71C54C06900408543 /* Build configuration list for PBXProject "Login" */ = {
			isa = XCConfigurationList;
			buildConfigurations = (
				743997111C54C06900408543 /* Debug */,
				743997121C54C06900408543 /* Release */,
			);
			defaultConfigurationIsVisible = 0;
			defaultConfigurationName = Release;
		};
		743997131C54C06900408543 /* Build configuration list for PBXNativeTarget "Login" */ = {
			isa = XCConfigurationList;
			buildConfigurations = (
				743997141C54C06900408543 /* Debug */,
				743997151C54C06900408543 /* Release */,
			);
			defaultConfigurationIsVisible = 0;
		};
/* End XCConfigurationList section */
	};
	rootObject = 743996F41C54C06900408543 /* Project object */;
}
